{
  "object": {
    "pins": [
      {
        "package": "Cache",
        "repositoryURL": "https://github.com/hyperoslo/Cache",
        "state": {
          "branch": null,
          "revision": "c7f4d633049c3bd649a353bad36f6c17e9df085f",
          "version": "6.0.0"
        }
      },
      {
        "package": "CollectionConcurrencyKit",
        "repositoryURL": "https://github.com/JohnSundell/CollectionConcurrencyKit",
        "state": {
          "branch": null,
          "revision": "b4f23e24b5a1bff301efc5e70871083ca029ff95",
          "version": "0.2.0"
        }
      },
      {
        "package": "Get",
        "repositoryURL": "https://github.com/kean/Get",
        "state": {
          "branch": null,
          "revision": "068b400e3850f0953ec25d11d3a3893c4538ffd5",
          "version": "0.5.0"
        }
      }
    ]
  },
  "version": 1
}
