// !$*UTF8*$!
{
	archiveVersion = 1;
	classes = {
	};
	objectVersion = 55;
	objects = {

/* Begin PBXBuildFile section */
		6ED3225127D9F77E00F0AD09 /* .gitignore in Resources */ = {isa = PBXBuildFile; fileRef = 6ED3225027D9F77E00F0AD09 /* .gitignore */; };
		6ED3225327D9F82000F0AD09 /* .swiftlint.yml in Resources */ = {isa = PBXBuildFile; fileRef = 6ED3225227D9F82000F0AD09 /* .swiftlint.yml */; };
		B223E1CF27D9DDA7008ACEEF /* GitReadsApp.swift in Sources */ = {isa = PBXBuildFile; fileRef = B223E1CE27D9DDA7008ACEEF /* GitReadsApp.swift */; };
		B223E1D127D9DDA7008ACEEF /* ContentView.swift in Sources */ = {isa = PBXBuildFile; fileRef = B223E1D027D9DDA7008ACEEF /* ContentView.swift */; };
		B223E1D327D9DDA8008ACEEF /* Assets.xcassets in Resources */ = {isa = PBXBuildFile; fileRef = B223E1D227D9DDA8008ACEEF /* Assets.xcassets */; };
		B223E1D627D9DDA8008ACEEF /* Preview Assets.xcassets in Resources */ = {isa = PBXBuildFile; fileRef = B223E1D527D9DDA8008ACEEF /* Preview Assets.xcassets */; };
		B223E1D827D9DDA8008ACEEF /* PersistenceController.swift in Sources */ = {isa = PBXBuildFile; fileRef = B223E1D727D9DDA8008ACEEF /* PersistenceController.swift */; };
		B223E1DB27D9DDA8008ACEEF /* GitReads.xcdatamodeld in Sources */ = {isa = PBXBuildFile; fileRef = B223E1D927D9DDA8008ACEEF /* GitReads.xcdatamodeld */; };
		B223E1E527D9DDA8008ACEEF /* GitReadsTests.swift in Sources */ = {isa = PBXBuildFile; fileRef = B223E1E427D9DDA8008ACEEF /* GitReadsTests.swift */; };
		B223E1EF27D9DDA8008ACEEF /* GitReadsUITests.swift in Sources */ = {isa = PBXBuildFile; fileRef = B223E1EE27D9DDA8008ACEEF /* GitReadsUITests.swift */; };
		B223E1F127D9DDA8008ACEEF /* GitReadsUITestsLaunchTests.swift in Sources */ = {isa = PBXBuildFile; fileRef = B223E1F027D9DDA8008ACEEF /* GitReadsUITestsLaunchTests.swift */; };
		B223E20327D9DEAD008ACEEF /* Repo.swift in Sources */ = {isa = PBXBuildFile; fileRef = B223E20227D9DEAD008ACEEF /* Repo.swift */; };
		B223E20527D9DF13008ACEEF /* Directory.swift in Sources */ = {isa = PBXBuildFile; fileRef = B223E20427D9DF13008ACEEF /* Directory.swift */; };
		B223E20727D9DF24008ACEEF /* File.swift in Sources */ = {isa = PBXBuildFile; fileRef = B223E20627D9DF24008ACEEF /* File.swift */; };
		B223E20927D9DF87008ACEEF /* Line.swift in Sources */ = {isa = PBXBuildFile; fileRef = B223E20827D9DF87008ACEEF /* Line.swift */; };
		B223E20B27D9DF9B008ACEEF /* TokenType.swift in Sources */ = {isa = PBXBuildFile; fileRef = B223E20A27D9DF9B008ACEEF /* TokenType.swift */; };
		B223E20D27D9E6F0008ACEEF /* Token.swift in Sources */ = {isa = PBXBuildFile; fileRef = B223E20C27D9E6F0008ACEEF /* Token.swift */; };
/* End PBXBuildFile section */

/* Begin PBXContainerItemProxy section */
		B223E1E127D9DDA8008ACEEF /* PBXContainerItemProxy */ = {
			isa = PBXContainerItemProxy;
			containerPortal = B223E1C327D9DDA7008ACEEF /* Project object */;
			proxyType = 1;
			remoteGlobalIDString = B223E1CA27D9DDA7008ACEEF;
			remoteInfo = GitReads;
		};
		B223E1EB27D9DDA8008ACEEF /* PBXContainerItemProxy */ = {
			isa = PBXContainerItemProxy;
			containerPortal = B223E1C327D9DDA7008ACEEF /* Project object */;
			proxyType = 1;
			remoteGlobalIDString = B223E1CA27D9DDA7008ACEEF;
			remoteInfo = GitReads;
		};
/* End PBXContainerItemProxy section */

/* Begin PBXFileReference section */
		6ED3225027D9F77E00F0AD09 /* .gitignore */ = {isa = PBXFileReference; fileEncoding = 4; lastKnownFileType = text; path = .gitignore; sourceTree = SOURCE_ROOT; };
		6ED3225227D9F82000F0AD09 /* .swiftlint.yml */ = {isa = PBXFileReference; fileEncoding = 4; lastKnownFileType = text.yaml; path = .swiftlint.yml; sourceTree = SOURCE_ROOT; };
		B223E1CB27D9DDA7008ACEEF /* GitReads.app */ = {isa = PBXFileReference; explicitFileType = wrapper.application; includeInIndex = 0; path = GitReads.app; sourceTree = BUILT_PRODUCTS_DIR; };
		B223E1CE27D9DDA7008ACEEF /* GitReadsApp.swift */ = {isa = PBXFileReference; lastKnownFileType = sourcecode.swift; path = GitReadsApp.swift; sourceTree = "<group>"; };
		B223E1D027D9DDA7008ACEEF /* ContentView.swift */ = {isa = PBXFileReference; lastKnownFileType = sourcecode.swift; path = ContentView.swift; sourceTree = "<group>"; };
		B223E1D227D9DDA8008ACEEF /* Assets.xcassets */ = {isa = PBXFileReference; lastKnownFileType = folder.assetcatalog; path = Assets.xcassets; sourceTree = "<group>"; };
		B223E1D527D9DDA8008ACEEF /* Preview Assets.xcassets */ = {isa = PBXFileReference; lastKnownFileType = folder.assetcatalog; path = "Preview Assets.xcassets"; sourceTree = "<group>"; };
		B223E1D727D9DDA8008ACEEF /* PersistenceController.swift */ = {isa = PBXFileReference; lastKnownFileType = sourcecode.swift; path = PersistenceController.swift; sourceTree = "<group>"; };
		B223E1DA27D9DDA8008ACEEF /* GitReads.xcdatamodel */ = {isa = PBXFileReference; lastKnownFileType = wrapper.xcdatamodel; path = GitReads.xcdatamodel; sourceTree = "<group>"; };
		B223E1E027D9DDA8008ACEEF /* GitReadsTests.xctest */ = {isa = PBXFileReference; explicitFileType = wrapper.cfbundle; includeInIndex = 0; path = GitReadsTests.xctest; sourceTree = BUILT_PRODUCTS_DIR; };
		B223E1E427D9DDA8008ACEEF /* GitReadsTests.swift */ = {isa = PBXFileReference; lastKnownFileType = sourcecode.swift; path = GitReadsTests.swift; sourceTree = "<group>"; };
		B223E1EA27D9DDA8008ACEEF /* GitReadsUITests.xctest */ = {isa = PBXFileReference; explicitFileType = wrapper.cfbundle; includeInIndex = 0; path = GitReadsUITests.xctest; sourceTree = BUILT_PRODUCTS_DIR; };
		B223E1EE27D9DDA8008ACEEF /* GitReadsUITests.swift */ = {isa = PBXFileReference; lastKnownFileType = sourcecode.swift; path = GitReadsUITests.swift; sourceTree = "<group>"; };
		B223E1F027D9DDA8008ACEEF /* GitReadsUITestsLaunchTests.swift */ = {isa = PBXFileReference; lastKnownFileType = sourcecode.swift; path = GitReadsUITestsLaunchTests.swift; sourceTree = "<group>"; };
		B223E20227D9DEAD008ACEEF /* Repo.swift */ = {isa = PBXFileReference; lastKnownFileType = sourcecode.swift; path = Repo.swift; sourceTree = "<group>"; };
		B223E20427D9DF13008ACEEF /* Directory.swift */ = {isa = PBXFileReference; lastKnownFileType = sourcecode.swift; path = Directory.swift; sourceTree = "<group>"; };
		B223E20627D9DF24008ACEEF /* File.swift */ = {isa = PBXFileReference; lastKnownFileType = sourcecode.swift; path = File.swift; sourceTree = "<group>"; };
		B223E20827D9DF87008ACEEF /* Line.swift */ = {isa = PBXFileReference; lastKnownFileType = sourcecode.swift; path = Line.swift; sourceTree = "<group>"; };
		B223E20A27D9DF9B008ACEEF /* TokenType.swift */ = {isa = PBXFileReference; lastKnownFileType = sourcecode.swift; path = TokenType.swift; sourceTree = "<group>"; };
		B223E20C27D9E6F0008ACEEF /* Token.swift */ = {isa = PBXFileReference; lastKnownFileType = sourcecode.swift; path = Token.swift; sourceTree = "<group>"; };
/* End PBXFileReference section */

/* Begin PBXFrameworksBuildPhase section */
		B223E1C827D9DDA7008ACEEF /* Frameworks */ = {
			isa = PBXFrameworksBuildPhase;
			buildActionMask = 2147483647;
			files = (
			);
			runOnlyForDeploymentPostprocessing = 0;
		};
		B223E1DD27D9DDA8008ACEEF /* Frameworks */ = {
			isa = PBXFrameworksBuildPhase;
			buildActionMask = 2147483647;
			files = (
			);
			runOnlyForDeploymentPostprocessing = 0;
		};
		B223E1E727D9DDA8008ACEEF /* Frameworks */ = {
			isa = PBXFrameworksBuildPhase;
			buildActionMask = 2147483647;
			files = (
			);
			runOnlyForDeploymentPostprocessing = 0;
		};
/* End PBXFrameworksBuildPhase section */

/* Begin PBXGroup section */
		B223E1C227D9DDA7008ACEEF = {
			isa = PBXGroup;
			children = (
				6ED3225027D9F77E00F0AD09 /* .gitignore */,
				6ED3225227D9F82000F0AD09 /* .swiftlint.yml */,
				B223E1CD27D9DDA7008ACEEF /* GitReads */,
				B223E1E327D9DDA8008ACEEF /* GitReadsTests */,
				B223E1ED27D9DDA8008ACEEF /* GitReadsUITests */,
				B223E1CC27D9DDA7008ACEEF /* Products */,
			);
			sourceTree = "<group>";
		};
		B223E1CC27D9DDA7008ACEEF /* Products */ = {
			isa = PBXGroup;
			children = (
				B223E1CB27D9DDA7008ACEEF /* GitReads.app */,
				B223E1E027D9DDA8008ACEEF /* GitReadsTests.xctest */,
				B223E1EA27D9DDA8008ACEEF /* GitReadsUITests.xctest */,
			);
			name = Products;
			sourceTree = "<group>";
		};
		B223E1CD27D9DDA7008ACEEF /* GitReads */ = {
			isa = PBXGroup;
			children = (
				B223E20127D9DE46008ACEEF /* Git */,
				B223E20027D9DDDC008ACEEF /* View */,
				B223E1FF27D9DDD3008ACEEF /* ViewModel */,
				B223E1FE27D9DDCD008ACEEF /* Model */,
				B223E1FD27D9DDC4008ACEEF /* Parser */,
				B223E1CE27D9DDA7008ACEEF /* GitReadsApp.swift */,
				B223E1D027D9DDA7008ACEEF /* ContentView.swift */,
				B223E1D227D9DDA8008ACEEF /* Assets.xcassets */,
				B223E1D727D9DDA8008ACEEF /* PersistenceController.swift */,
				B223E1D927D9DDA8008ACEEF /* GitReads.xcdatamodeld */,
				B223E1D427D9DDA8008ACEEF /* Preview Content */,
			);
			path = GitReads;
			sourceTree = "<group>";
		};
		B223E1D427D9DDA8008ACEEF /* Preview Content */ = {
			isa = PBXGroup;
			children = (
				B223E1D527D9DDA8008ACEEF /* Preview Assets.xcassets */,
			);
			path = "Preview Content";
			sourceTree = "<group>";
		};
		B223E1E327D9DDA8008ACEEF /* GitReadsTests */ = {
			isa = PBXGroup;
			children = (
				B223E1E427D9DDA8008ACEEF /* GitReadsTests.swift */,
			);
			path = GitReadsTests;
			sourceTree = "<group>";
		};
		B223E1ED27D9DDA8008ACEEF /* GitReadsUITests */ = {
			isa = PBXGroup;
			children = (
				B223E1EE27D9DDA8008ACEEF /* GitReadsUITests.swift */,
				B223E1F027D9DDA8008ACEEF /* GitReadsUITestsLaunchTests.swift */,
			);
			path = GitReadsUITests;
			sourceTree = "<group>";
		};
		B223E1FD27D9DDC4008ACEEF /* Parser */ = {
			isa = PBXGroup;
			children = (
			);
			path = Parser;
			sourceTree = "<group>";
		};
		B223E1FE27D9DDCD008ACEEF /* Model */ = {
			isa = PBXGroup;
			children = (
				B223E20227D9DEAD008ACEEF /* Repo.swift */,
				B223E20427D9DF13008ACEEF /* Directory.swift */,
				B223E20627D9DF24008ACEEF /* File.swift */,
				B223E20827D9DF87008ACEEF /* Line.swift */,
				B223E20A27D9DF9B008ACEEF /* TokenType.swift */,
				B223E20C27D9E6F0008ACEEF /* Token.swift */,
			);
			path = Model;
			sourceTree = "<group>";
		};
		B223E1FF27D9DDD3008ACEEF /* ViewModel */ = {
			isa = PBXGroup;
			children = (
			);
			path = ViewModel;
			sourceTree = "<group>";
		};
		B223E20027D9DDDC008ACEEF /* View */ = {
			isa = PBXGroup;
			children = (
			);
			path = View;
			sourceTree = "<group>";
		};
		B223E20127D9DE46008ACEEF /* Git */ = {
			isa = PBXGroup;
			children = (
			);
			path = Git;
			sourceTree = "<group>";
		};
/* End PBXGroup section */

/* Begin PBXNativeTarget section */
		B223E1CA27D9DDA7008ACEEF /* GitReads */ = {
			isa = PBXNativeTarget;
			buildConfigurationList = B223E1F427D9DDA8008ACEEF /* Build configuration list for PBXNativeTarget "GitReads" */;
			buildPhases = (
				6ED3225427D9F84C00F0AD09 /* Swiftlint */,
				B223E1C727D9DDA7008ACEEF /* Sources */,
				B223E1C827D9DDA7008ACEEF /* Frameworks */,
				B223E1C927D9DDA7008ACEEF /* Resources */,
			);
			buildRules = (
			);
			dependencies = (
			);
			name = GitReads;
			productName = GitReads;
			productReference = B223E1CB27D9DDA7008ACEEF /* GitReads.app */;
			productType = "com.apple.product-type.application";
		};
		B223E1DF27D9DDA8008ACEEF /* GitReadsTests */ = {
			isa = PBXNativeTarget;
			buildConfigurationList = B223E1F727D9DDA8008ACEEF /* Build configuration list for PBXNativeTarget "GitReadsTests" */;
			buildPhases = (
				B223E1DC27D9DDA8008ACEEF /* Sources */,
				B223E1DD27D9DDA8008ACEEF /* Frameworks */,
				B223E1DE27D9DDA8008ACEEF /* Resources */,
			);
			buildRules = (
			);
			dependencies = (
				B223E1E227D9DDA8008ACEEF /* PBXTargetDependency */,
			);
			name = GitReadsTests;
			productName = GitReadsTests;
			productReference = B223E1E027D9DDA8008ACEEF /* GitReadsTests.xctest */;
			productType = "com.apple.product-type.bundle.unit-test";
		};
		B223E1E927D9DDA8008ACEEF /* GitReadsUITests */ = {
			isa = PBXNativeTarget;
			buildConfigurationList = B223E1FA27D9DDA8008ACEEF /* Build configuration list for PBXNativeTarget "GitReadsUITests" */;
			buildPhases = (
				B223E1E627D9DDA8008ACEEF /* Sources */,
				B223E1E727D9DDA8008ACEEF /* Frameworks */,
				B223E1E827D9DDA8008ACEEF /* Resources */,
			);
			buildRules = (
			);
			dependencies = (
				B223E1EC27D9DDA8008ACEEF /* PBXTargetDependency */,
			);
			name = GitReadsUITests;
			productName = GitReadsUITests;
			productReference = B223E1EA27D9DDA8008ACEEF /* GitReadsUITests.xctest */;
			productType = "com.apple.product-type.bundle.ui-testing";
		};
/* End PBXNativeTarget section */

/* Begin PBXProject section */
		B223E1C327D9DDA7008ACEEF /* Project object */ = {
			isa = PBXProject;
			attributes = {
				BuildIndependentTargetsInParallel = 1;
				LastSwiftUpdateCheck = 1320;
				LastUpgradeCheck = 1320;
				TargetAttributes = {
					B223E1CA27D9DDA7008ACEEF = {
						CreatedOnToolsVersion = 13.2.1;
					};
					B223E1DF27D9DDA8008ACEEF = {
						CreatedOnToolsVersion = 13.2.1;
						TestTargetID = B223E1CA27D9DDA7008ACEEF;
					};
					B223E1E927D9DDA8008ACEEF = {
						CreatedOnToolsVersion = 13.2.1;
						TestTargetID = B223E1CA27D9DDA7008ACEEF;
					};
				};
			};
			buildConfigurationList = B223E1C627D9DDA7008ACEEF /* Build configuration list for PBXProject "GitReads" */;
			compatibilityVersion = "Xcode 13.0";
			developmentRegion = en;
			hasScannedForEncodings = 0;
			knownRegions = (
				en,
				Base,
			);
			mainGroup = B223E1C227D9DDA7008ACEEF;
			productRefGroup = B223E1CC27D9DDA7008ACEEF /* Products */;
			projectDirPath = "";
			projectRoot = "";
			targets = (
				B223E1CA27D9DDA7008ACEEF /* GitReads */,
				B223E1DF27D9DDA8008ACEEF /* GitReadsTests */,
				B223E1E927D9DDA8008ACEEF /* GitReadsUITests */,
			);
		};
/* End PBXProject section */

/* Begin PBXResourcesBuildPhase section */
		B223E1C927D9DDA7008ACEEF /* Resources */ = {
			isa = PBXResourcesBuildPhase;
			buildActionMask = 2147483647;
			files = (
				6ED3225327D9F82000F0AD09 /* .swiftlint.yml in Resources */,
				B223E1D627D9DDA8008ACEEF /* Preview Assets.xcassets in Resources */,
				6ED3225127D9F77E00F0AD09 /* .gitignore in Resources */,
				B223E1D327D9DDA8008ACEEF /* Assets.xcassets in Resources */,
			);
			runOnlyForDeploymentPostprocessing = 0;
		};
		B223E1DE27D9DDA8008ACEEF /* Resources */ = {
			isa = PBXResourcesBuildPhase;
			buildActionMask = 2147483647;
			files = (
			);
			runOnlyForDeploymentPostprocessing = 0;
		};
		B223E1E827D9DDA8008ACEEF /* Resources */ = {
			isa = PBXResourcesBuildPhase;
			buildActionMask = 2147483647;
			files = (
			);
			runOnlyForDeploymentPostprocessing = 0;
		};
/* End PBXResourcesBuildPhase section */

/* Begin PBXShellScriptBuildPhase section */
		6ED3225427D9F84C00F0AD09 /* Swiftlint */ = {
			isa = PBXShellScriptBuildPhase;
			buildActionMask = 2147483647;
			files = (
			);
			inputFileListPaths = (
			);
			inputPaths = (
			);
			name = Swiftlint;
			outputFileListPaths = (
			);
			outputPaths = (
			);
			runOnlyForDeploymentPostprocessing = 0;
			shellPath = /bin/sh;
			shellScript = "export PATH=\"$PATH:/opt/homebrew/bin\"\n\nif which swiftlint >/dev/null; then\n  swiftlint --fix && swiftlint\nelse\n  echo \"warning: SwiftLint not installed, download from https://github.com/realm/SwiftLint\"\nfi\n";
		};
/* End PBXShellScriptBuildPhase section */

/* Begin PBXSourcesBuildPhase section */
		B223E1C727D9DDA7008ACEEF /* Sources */ = {
			isa = PBXSourcesBuildPhase;
			buildActionMask = 2147483647;
			files = (
				B223E20B27D9DF9B008ACEEF /* TokenType.swift in Sources */,
				B223E20D27D9E6F0008ACEEF /* Token.swift in Sources */,
				B223E1DB27D9DDA8008ACEEF /* GitReads.xcdatamodeld in Sources */,
				B223E1D827D9DDA8008ACEEF /* PersistenceController.swift in Sources */,
				B223E20727D9DF24008ACEEF /* File.swift in Sources */,
				B223E20327D9DEAD008ACEEF /* Repo.swift in Sources */,
				B223E1D127D9DDA7008ACEEF /* ContentView.swift in Sources */,
				B223E20927D9DF87008ACEEF /* Line.swift in Sources */,
				B223E1CF27D9DDA7008ACEEF /* GitReadsApp.swift in Sources */,
				B223E20527D9DF13008ACEEF /* Directory.swift in Sources */,
			);
			runOnlyForDeploymentPostprocessing = 0;
		};
		B223E1DC27D9DDA8008ACEEF /* Sources */ = {
			isa = PBXSourcesBuildPhase;
			buildActionMask = 2147483647;
			files = (
				B223E1E527D9DDA8008ACEEF /* GitReadsTests.swift in Sources */,
			);
			runOnlyForDeploymentPostprocessing = 0;
		};
		B223E1E627D9DDA8008ACEEF /* Sources */ = {
			isa = PBXSourcesBuildPhase;
			buildActionMask = 2147483647;
			files = (
				B223E1F127D9DDA8008ACEEF /* GitReadsUITestsLaunchTests.swift in Sources */,
				B223E1EF27D9DDA8008ACEEF /* GitReadsUITests.swift in Sources */,
			);
			runOnlyForDeploymentPostprocessing = 0;
		};
/* End PBXSourcesBuildPhase section */

/* Begin PBXTargetDependency section */
		B223E1E227D9DDA8008ACEEF /* PBXTargetDependency */ = {
			isa = PBXTargetDependency;
			target = B223E1CA27D9DDA7008ACEEF /* GitReads */;
			targetProxy = B223E1E127D9DDA8008ACEEF /* PBXContainerItemProxy */;
		};
		B223E1EC27D9DDA8008ACEEF /* PBXTargetDependency */ = {
			isa = PBXTargetDependency;
			target = B223E1CA27D9DDA7008ACEEF /* GitReads */;
			targetProxy = B223E1EB27D9DDA8008ACEEF /* PBXContainerItemProxy */;
		};
/* End PBXTargetDependency section */

/* Begin XCBuildConfiguration section */
		B223E1F227D9DDA8008ACEEF /* Debug */ = {
			isa = XCBuildConfiguration;
			buildSettings = {
				ALWAYS_SEARCH_USER_PATHS = NO;
				CLANG_ANALYZER_NONNULL = YES;
				CLANG_ANALYZER_NUMBER_OBJECT_CONVERSION = YES_AGGRESSIVE;
				CLANG_CXX_LANGUAGE_STANDARD = "gnu++17";
				CLANG_CXX_LIBRARY = "libc++";
				CLANG_ENABLE_MODULES = YES;
				CLANG_ENABLE_OBJC_ARC = YES;
				CLANG_ENABLE_OBJC_WEAK = YES;
				CLANG_WARN_BLOCK_CAPTURE_AUTORELEASING = YES;
				CLANG_WARN_BOOL_CONVERSION = YES;
				CLANG_WARN_COMMA = YES;
				CLANG_WARN_CONSTANT_CONVERSION = YES;
				CLANG_WARN_DEPRECATED_OBJC_IMPLEMENTATIONS = YES;
				CLANG_WARN_DIRECT_OBJC_ISA_USAGE = YES_ERROR;
				CLANG_WARN_DOCUMENTATION_COMMENTS = YES;
				CLANG_WARN_EMPTY_BODY = YES;
				CLANG_WARN_ENUM_CONVERSION = YES;
				CLANG_WARN_INFINITE_RECURSION = YES;
				CLANG_WARN_INT_CONVERSION = YES;
				CLANG_WARN_NON_LITERAL_NULL_CONVERSION = YES;
				CLANG_WARN_OBJC_IMPLICIT_RETAIN_SELF = YES;
				CLANG_WARN_OBJC_LITERAL_CONVERSION = YES;
				CLANG_WARN_OBJC_ROOT_CLASS = YES_ERROR;
				CLANG_WARN_QUOTED_INCLUDE_IN_FRAMEWORK_HEADER = YES;
				CLANG_WARN_RANGE_LOOP_ANALYSIS = YES;
				CLANG_WARN_STRICT_PROTOTYPES = YES;
				CLANG_WARN_SUSPICIOUS_MOVE = YES;
				CLANG_WARN_UNGUARDED_AVAILABILITY = YES_AGGRESSIVE;
				CLANG_WARN_UNREACHABLE_CODE = YES;
				CLANG_WARN__DUPLICATE_METHOD_MATCH = YES;
				COPY_PHASE_STRIP = NO;
				DEBUG_INFORMATION_FORMAT = dwarf;
				ENABLE_STRICT_OBJC_MSGSEND = YES;
				ENABLE_TESTABILITY = YES;
				GCC_C_LANGUAGE_STANDARD = gnu11;
				GCC_DYNAMIC_NO_PIC = NO;
				GCC_NO_COMMON_BLOCKS = YES;
				GCC_OPTIMIZATION_LEVEL = 0;
				GCC_PREPROCESSOR_DEFINITIONS = (
					"DEBUG=1",
					"$(inherited)",
				);
				GCC_WARN_64_TO_32_BIT_CONVERSION = YES;
				GCC_WARN_ABOUT_RETURN_TYPE = YES_ERROR;
				GCC_WARN_UNDECLARED_SELECTOR = YES;
				GCC_WARN_UNINITIALIZED_AUTOS = YES_AGGRESSIVE;
				GCC_WARN_UNUSED_FUNCTION = YES;
				GCC_WARN_UNUSED_VARIABLE = YES;
				IPHONEOS_DEPLOYMENT_TARGET = 15.2;
				MTL_ENABLE_DEBUG_INFO = INCLUDE_SOURCE;
				MTL_FAST_MATH = YES;
				ONLY_ACTIVE_ARCH = YES;
				SDKROOT = iphoneos;
				SWIFT_ACTIVE_COMPILATION_CONDITIONS = DEBUG;
				SWIFT_OPTIMIZATION_LEVEL = "-Onone";
			};
			name = Debug;
		};
		B223E1F327D9DDA8008ACEEF /* Release */ = {
			isa = XCBuildConfiguration;
			buildSettings = {
				ALWAYS_SEARCH_USER_PATHS = NO;
				CLANG_ANALYZER_NONNULL = YES;
				CLANG_ANALYZER_NUMBER_OBJECT_CONVERSION = YES_AGGRESSIVE;
				CLANG_CXX_LANGUAGE_STANDARD = "gnu++17";
				CLANG_CXX_LIBRARY = "libc++";
				CLANG_ENABLE_MODULES = YES;
				CLANG_ENABLE_OBJC_ARC = YES;
				CLANG_ENABLE_OBJC_WEAK = YES;
				CLANG_WARN_BLOCK_CAPTURE_AUTORELEASING = YES;
				CLANG_WARN_BOOL_CONVERSION = YES;
				CLANG_WARN_COMMA = YES;
				CLANG_WARN_CONSTANT_CONVERSION = YES;
				CLANG_WARN_DEPRECATED_OBJC_IMPLEMENTATIONS = YES;
				CLANG_WARN_DIRECT_OBJC_ISA_USAGE = YES_ERROR;
				CLANG_WARN_DOCUMENTATION_COMMENTS = YES;
				CLANG_WARN_EMPTY_BODY = YES;
				CLANG_WARN_ENUM_CONVERSION = YES;
				CLANG_WARN_INFINITE_RECURSION = YES;
				CLANG_WARN_INT_CONVERSION = YES;
				CLANG_WARN_NON_LITERAL_NULL_CONVERSION = YES;
				CLANG_WARN_OBJC_IMPLICIT_RETAIN_SELF = YES;
				CLANG_WARN_OBJC_LITERAL_CONVERSION = YES;
				CLANG_WARN_OBJC_ROOT_CLASS = YES_ERROR;
				CLANG_WARN_QUOTED_INCLUDE_IN_FRAMEWORK_HEADER = YES;
				CLANG_WARN_RANGE_LOOP_ANALYSIS = YES;
				CLANG_WARN_STRICT_PROTOTYPES = YES;
				CLANG_WARN_SUSPICIOUS_MOVE = YES;
				CLANG_WARN_UNGUARDED_AVAILABILITY = YES_AGGRESSIVE;
				CLANG_WARN_UNREACHABLE_CODE = YES;
				CLANG_WARN__DUPLICATE_METHOD_MATCH = YES;
				COPY_PHASE_STRIP = NO;
				DEBUG_INFORMATION_FORMAT = "dwarf-with-dsym";
				ENABLE_NS_ASSERTIONS = NO;
				ENABLE_STRICT_OBJC_MSGSEND = YES;
				GCC_C_LANGUAGE_STANDARD = gnu11;
				GCC_NO_COMMON_BLOCKS = YES;
				GCC_WARN_64_TO_32_BIT_CONVERSION = YES;
				GCC_WARN_ABOUT_RETURN_TYPE = YES_ERROR;
				GCC_WARN_UNDECLARED_SELECTOR = YES;
				GCC_WARN_UNINITIALIZED_AUTOS = YES_AGGRESSIVE;
				GCC_WARN_UNUSED_FUNCTION = YES;
				GCC_WARN_UNUSED_VARIABLE = YES;
				IPHONEOS_DEPLOYMENT_TARGET = 15.2;
				MTL_ENABLE_DEBUG_INFO = NO;
				MTL_FAST_MATH = YES;
				SDKROOT = iphoneos;
				SWIFT_COMPILATION_MODE = wholemodule;
				SWIFT_OPTIMIZATION_LEVEL = "-O";
				VALIDATE_PRODUCT = YES;
			};
			name = Release;
		};
		B223E1F527D9DDA8008ACEEF /* Debug */ = {
			isa = XCBuildConfiguration;
			buildSettings = {
				ASSETCATALOG_COMPILER_APPICON_NAME = AppIcon;
				ASSETCATALOG_COMPILER_GLOBAL_ACCENT_COLOR_NAME = AccentColor;
				CODE_SIGN_STYLE = Automatic;
				CURRENT_PROJECT_VERSION = 1;
				DEVELOPMENT_ASSET_PATHS = "\"GitReads/Preview Content\"";
				DEVELOPMENT_TEAM = UX5B5ZUKD9;
				ENABLE_PREVIEWS = YES;
				GENERATE_INFOPLIST_FILE = YES;
				INFOPLIST_KEY_UIApplicationSceneManifest_Generation = YES;
				INFOPLIST_KEY_UIApplicationSupportsIndirectInputEvents = YES;
				INFOPLIST_KEY_UILaunchScreen_Generation = YES;
				INFOPLIST_KEY_UISupportedInterfaceOrientations_iPad = "UIInterfaceOrientationPortrait UIInterfaceOrientationPortraitUpsideDown UIInterfaceOrientationLandscapeLeft UIInterfaceOrientationLandscapeRight";
				INFOPLIST_KEY_UISupportedInterfaceOrientations_iPhone = "UIInterfaceOrientationPortrait UIInterfaceOrientationLandscapeLeft UIInterfaceOrientationLandscapeRight";
				LD_RUNPATH_SEARCH_PATHS = (
					"$(inherited)",
					"@executable_path/Frameworks",
				);
				MARKETING_VERSION = 1.0;
				PRODUCT_BUNDLE_IDENTIFIER = com.ZhouJiahao.GitReads;
				PRODUCT_NAME = "$(TARGET_NAME)";
				SWIFT_EMIT_LOC_STRINGS = YES;
				SWIFT_VERSION = 5.0;
				TARGETED_DEVICE_FAMILY = "1,2";
			};
			name = Debug;
		};
		B223E1F627D9DDA8008ACEEF /* Release */ = {
			isa = XCBuildConfiguration;
			buildSettings = {
				ASSETCATALOG_COMPILER_APPICON_NAME = AppIcon;
				ASSETCATALOG_COMPILER_GLOBAL_ACCENT_COLOR_NAME = AccentColor;
				CODE_SIGN_STYLE = Automatic;
				CURRENT_PROJECT_VERSION = 1;
				DEVELOPMENT_ASSET_PATHS = "\"GitReads/Preview Content\"";
				DEVELOPMENT_TEAM = UX5B5ZUKD9;
				ENABLE_PREVIEWS = YES;
				GENERATE_INFOPLIST_FILE = YES;
				INFOPLIST_KEY_UIApplicationSceneManifest_Generation = YES;
				INFOPLIST_KEY_UIApplicationSupportsIndirectInputEvents = YES;
				INFOPLIST_KEY_UILaunchScreen_Generation = YES;
				INFOPLIST_KEY_UISupportedInterfaceOrientations_iPad = "UIInterfaceOrientationPortrait UIInterfaceOrientationPortraitUpsideDown UIInterfaceOrientationLandscapeLeft UIInterfaceOrientationLandscapeRight";
				INFOPLIST_KEY_UISupportedInterfaceOrientations_iPhone = "UIInterfaceOrientationPortrait UIInterfaceOrientationLandscapeLeft UIInterfaceOrientationLandscapeRight";
				LD_RUNPATH_SEARCH_PATHS = (
					"$(inherited)",
					"@executable_path/Frameworks",
				);
				MARKETING_VERSION = 1.0;
				PRODUCT_BUNDLE_IDENTIFIER = com.ZhouJiahao.GitReads;
				PRODUCT_NAME = "$(TARGET_NAME)";
				SWIFT_EMIT_LOC_STRINGS = YES;
				SWIFT_VERSION = 5.0;
				TARGETED_DEVICE_FAMILY = "1,2";
			};
			name = Release;
		};
		B223E1F827D9DDA8008ACEEF /* Debug */ = {
			isa = XCBuildConfiguration;
			buildSettings = {
				ALWAYS_EMBED_SWIFT_STANDARD_LIBRARIES = YES;
				BUNDLE_LOADER = "$(TEST_HOST)";
				CODE_SIGN_STYLE = Automatic;
				CURRENT_PROJECT_VERSION = 1;
				DEVELOPMENT_TEAM = UX5B5ZUKD9;
				GENERATE_INFOPLIST_FILE = YES;
				IPHONEOS_DEPLOYMENT_TARGET = 15.2;
				MARKETING_VERSION = 1.0;
				PRODUCT_BUNDLE_IDENTIFIER = com.ZhouJiahao.GitReadsTests;
				PRODUCT_NAME = "$(TARGET_NAME)";
				SWIFT_EMIT_LOC_STRINGS = NO;
				SWIFT_VERSION = 5.0;
				TARGETED_DEVICE_FAMILY = "1,2";
				TEST_HOST = "$(BUILT_PRODUCTS_DIR)/GitReads.app/GitReads";
			};
			name = Debug;
		};
		B223E1F927D9DDA8008ACEEF /* Release */ = {
			isa = XCBuildConfiguration;
			buildSettings = {
				ALWAYS_EMBED_SWIFT_STANDARD_LIBRARIES = YES;
				BUNDLE_LOADER = "$(TEST_HOST)";
				CODE_SIGN_STYLE = Automatic;
				CURRENT_PROJECT_VERSION = 1;
				DEVELOPMENT_TEAM = UX5B5ZUKD9;
				GENERATE_INFOPLIST_FILE = YES;
				IPHONEOS_DEPLOYMENT_TARGET = 15.2;
				MARKETING_VERSION = 1.0;
				PRODUCT_BUNDLE_IDENTIFIER = com.ZhouJiahao.GitReadsTests;
				PRODUCT_NAME = "$(TARGET_NAME)";
				SWIFT_EMIT_LOC_STRINGS = NO;
				SWIFT_VERSION = 5.0;
				TARGETED_DEVICE_FAMILY = "1,2";
				TEST_HOST = "$(BUILT_PRODUCTS_DIR)/GitReads.app/GitReads";
			};
			name = Release;
		};
		B223E1FB27D9DDA8008ACEEF /* Debug */ = {
			isa = XCBuildConfiguration;
			buildSettings = {
				ALWAYS_EMBED_SWIFT_STANDARD_LIBRARIES = YES;
				CODE_SIGN_STYLE = Automatic;
				CURRENT_PROJECT_VERSION = 1;
				DEVELOPMENT_TEAM = UX5B5ZUKD9;
				GENERATE_INFOPLIST_FILE = YES;
				MARKETING_VERSION = 1.0;
				PRODUCT_BUNDLE_IDENTIFIER = com.ZhouJiahao.GitReadsUITests;
				PRODUCT_NAME = "$(TARGET_NAME)";
				SWIFT_EMIT_LOC_STRINGS = NO;
				SWIFT_VERSION = 5.0;
				TARGETED_DEVICE_FAMILY = "1,2";
				TEST_TARGET_NAME = GitReads;
			};
			name = Debug;
		};
		B223E1FC27D9DDA8008ACEEF /* Release */ = {
			isa = XCBuildConfiguration;
			buildSettings = {
				ALWAYS_EMBED_SWIFT_STANDARD_LIBRARIES = YES;
				CODE_SIGN_STYLE = Automatic;
				CURRENT_PROJECT_VERSION = 1;
				DEVELOPMENT_TEAM = UX5B5ZUKD9;
				GENERATE_INFOPLIST_FILE = YES;
				MARKETING_VERSION = 1.0;
				PRODUCT_BUNDLE_IDENTIFIER = com.ZhouJiahao.GitReadsUITests;
				PRODUCT_NAME = "$(TARGET_NAME)";
				SWIFT_EMIT_LOC_STRINGS = NO;
				SWIFT_VERSION = 5.0;
				TARGETED_DEVICE_FAMILY = "1,2";
				TEST_TARGET_NAME = GitReads;
			};
			name = Release;
		};
/* End XCBuildConfiguration section */

/* Begin XCConfigurationList section */
		B223E1C627D9DDA7008ACEEF /* Build configuration list for PBXProject "GitReads" */ = {
			isa = XCConfigurationList;
			buildConfigurations = (
				B223E1F227D9DDA8008ACEEF /* Debug */,
				B223E1F327D9DDA8008ACEEF /* Release */,
			);
			defaultConfigurationIsVisible = 0;
			defaultConfigurationName = Release;
		};
		B223E1F427D9DDA8008ACEEF /* Build configuration list for PBXNativeTarget "GitReads" */ = {
			isa = XCConfigurationList;
			buildConfigurations = (
				B223E1F527D9DDA8008ACEEF /* Debug */,
				B223E1F627D9DDA8008ACEEF /* Release */,
			);
			defaultConfigurationIsVisible = 0;
			defaultConfigurationName = Release;
		};
		B223E1F727D9DDA8008ACEEF /* Build configuration list for PBXNativeTarget "GitReadsTests" */ = {
			isa = XCConfigurationList;
			buildConfigurations = (
				B223E1F827D9DDA8008ACEEF /* Debug */,
				B223E1F927D9DDA8008ACEEF /* Release */,
			);
			defaultConfigurationIsVisible = 0;
			defaultConfigurationName = Release;
		};
		B223E1FA27D9DDA8008ACEEF /* Build configuration list for PBXNativeTarget "GitReadsUITests" */ = {
			isa = XCConfigurationList;
			buildConfigurations = (
				B223E1FB27D9DDA8008ACEEF /* Debug */,
				B223E1FC27D9DDA8008ACEEF /* Release */,
			);
			defaultConfigurationIsVisible = 0;
			defaultConfigurationName = Release;
		};
/* End XCConfigurationList section */

/* Begin XCVersionGroup section */
		B223E1D927D9DDA8008ACEEF /* GitReads.xcdatamodeld */ = {
			isa = XCVersionGroup;
			children = (
				B223E1DA27D9DDA8008ACEEF /* GitReads.xcdatamodel */,
			);
			currentVersion = B223E1DA27D9DDA8008ACEEF /* GitReads.xcdatamodel */;
			path = GitReads.xcdatamodeld;
			sourceTree = "<group>";
			versionGroupType = wrapper.xcdatamodel;
		};
/* End XCVersionGroup section */
	};
	rootObject = B223E1C327D9DDA7008ACEEF /* Project object */;
}
